
Microsoft Visual Studio Solution File, Format Version 12.00
# Visual Studio Version 17
VisualStudioVersion = 17.0.31919.166
MinimumVisualStudioVersion = 10.0.40219.1
Project("{8BC9CEB8-8B4A-11D0-8D11-00A0C91BC942}") = "zadanie 5", "zadanie 5\zadanie 5.vcxproj", "{0B61F35C-8B05-497B-A1D5-0DDB7680D815}"
EndProject
Global
	GlobalSection(SolutionConfigurationPlatforms) = preSolution
		Debug|x64 = Debug|x64
		Debug|x86 = Debug|x86
		Release|x64 = Release|x64
		Release|x86 = Release|x86
	EndGlobalSection
	GlobalSection(ProjectConfigurationPlatforms) = postSolution
		{0B61F35C-8B05-497B-A1D5-0DDB7680D815}.Debug|x64.ActiveCfg = Debug|x64
		{0B61F35C-8B05-497B-A1D5-0DDB7680D815}.Debug|x64.Build.0 = Debug|x64
		{0B61F35C-8B05-497B-A1D5-0DDB7680D815}.Debug|x86.ActiveCfg = Debug|Win32
		{0B61F35C-8B05-497B-A1D5-0DDB7680D815}.Debug|x86.Build.0 = Debug|Win32
		{0B61F35C-8B05-497B-A1D5-0DDB7680D815}.Release|x64.ActiveCfg = Release|x64
		{0B61F35C-8B05-497B-A1D5-0DDB7680D815}.Release|x64.Build.0 = Release|x64
		{0B61F35C-8B05-497B-A1D5-0DDB7680D815}.Release|x86.ActiveCfg = Release|Win32
		{0B61F35C-8B05-497B-A1D5-0DDB7680D815}.Release|x86.Build.0 = Release|Win32
	EndGlobalSection
	GlobalSection(SolutionProperties) = preSolution
		HideSolutionNode = FALSE
	EndGlobalSection
	GlobalSection(ExtensibilityGlobals) = postSolution
		SolutionGuid = {274B21D7-EDC0-4BE8-8B65-7A2ED774E992}
	EndGlobalSection
EndGlobal
